
Microsoft Visual Studio Solution File, Format Version 12.00
# Visual Studio 15
VisualStudioVersion = 15.0.28307.539
MinimumVisualStudioVersion = 10.0.40219.1
Project("{FAE04EC0-301F-11D3-BF4B-00C04F79EFBC}") = "Appli12.Android", "Appli12\Appli12.Android\Appli12.Android.csproj", "{04CBA873-E50E-4F21-84BA-EE255EFC1D32}"
EndProject
Project("{FAE04EC0-301F-11D3-BF4B-00C04F79EFBC}") = "Appli12.iOS", "Appli12\Appli12.iOS\Appli12.iOS.csproj", "{2225F831-DFDB-4EDD-9371-E953223C94F8}"
EndProject
Project("{FAE04EC0-301F-11D3-BF4B-00C04F79EFBC}") = "Appli12", "Appli12\Appli12\Appli12.csproj", "{27813987-EFC6-4CD2-8854-D6D8F2EFECEE}"
EndProject
Global
	GlobalSection(SolutionConfigurationPlatforms) = preSolution
		Ad-Hoc|Any CPU = Ad-Hoc|Any CPU
		Ad-Hoc|iPhone = Ad-Hoc|iPhone
		Ad-Hoc|iPhoneSimulator = Ad-Hoc|iPhoneSimulator
		AppStore|Any CPU = AppStore|Any CPU
		AppStore|iPhone = AppStore|iPhone
		AppStore|iPhoneSimulator = AppStore|iPhoneSimulator
		Debug|Any CPU = Debug|Any CPU
		Debug|iPhone = Debug|iPhone
		Debug|iPhoneSimulator = Debug|iPhoneSimulator
		Release|Any CPU = Release|Any CPU
		Release|iPhone = Release|iPhone
		Release|iPhoneSimulator = Release|iPhoneSimulator
	EndGlobalSection
	GlobalSection(ProjectConfigurationPlatforms) = postSolution
		{04CBA873-E50E-4F21-84BA-EE255EFC1D32}.Ad-Hoc|Any CPU.ActiveCfg = Release|Any CPU
		{04CBA873-E50E-4F21-84BA-EE255EFC1D32}.Ad-Hoc|Any CPU.Build.0 = Release|Any CPU
		{04CBA873-E50E-4F21-84BA-EE255EFC1D32}.Ad-Hoc|Any CPU.Deploy.0 = Release|Any CPU
		{04CBA873-E50E-4F21-84BA-EE255EFC1D32}.Ad-Hoc|iPhone.ActiveCfg = Release|Any CPU
		{04CBA873-E50E-4F21-84BA-EE255EFC1D32}.Ad-Hoc|iPhone.Build.0 = Release|Any CPU
		{04CBA873-E50E-4F21-84BA-EE255EFC1D32}.Ad-Hoc|iPhone.Deploy.0 = Release|Any CPU
		{04CBA873-E50E-4F21-84BA-EE255EFC1D32}.Ad-Hoc|iPhoneSimulator.ActiveCfg = Release|Any CPU
		{04CBA873-E50E-4F21-84BA-EE255EFC1D32}.Ad-Hoc|iPhoneSimulator.Build.0 = Release|Any CPU
		{04CBA873-E50E-4F21-84BA-EE255EFC1D32}.Ad-Hoc|iPhoneSimulator.Deploy.0 = Release|Any CPU
		{04CBA873-E50E-4F21-84BA-EE255EFC1D32}.AppStore|Any CPU.ActiveCfg = Release|Any CPU
		{04CBA873-E50E-4F21-84BA-EE255EFC1D32}.AppStore|Any CPU.Build.0 = Release|Any CPU
		{04CBA873-E50E-4F21-84BA-EE255EFC1D32}.AppStore|Any CPU.Deploy.0 = Release|Any CPU
		{04CBA873-E50E-4F21-84BA-EE255EFC1D32}.AppStore|iPhone.ActiveCfg = Release|Any CPU
		{04CBA873-E50E-4F21-84BA-EE255EFC1D32}.AppStore|iPhone.Build.0 = Release|Any CPU
		{04CBA873-E50E-4F21-84BA-EE255EFC1D32}.AppStore|iPhone.Deploy.0 = Release|Any CPU
		{04CBA873-E50E-4F21-84BA-EE255EFC1D32}.AppStore|iPhoneSimulator.ActiveCfg = Release|Any CPU
		{04CBA873-E50E-4F21-84BA-EE255EFC1D32}.AppStore|iPhoneSimulator.Build.0 = Release|Any CPU
		{04CBA873-E50E-4F21-84BA-EE255EFC1D32}.AppStore|iPhoneSimulator.Deploy.0 = Release|Any CPU
		{04CBA873-E50E-4F21-84BA-EE255EFC1D32}.Debug|Any CPU.ActiveCfg = Debug|Any CPU
		{04CBA873-E50E-4F21-84BA-EE255EFC1D32}.Debug|Any CPU.Build.0 = Debug|Any CPU
		{04CBA873-E50E-4F21-84BA-EE255EFC1D32}.Debug|Any CPU.Deploy.0 = Debug|Any CPU
		{04CBA873-E50E-4F21-84BA-EE255EFC1D32}.Debug|iPhone.ActiveCfg = Debug|Any CPU
		{04CBA873-E50E-4F21-84BA-EE255EFC1D32}.Debug|iPhone.Build.0 = Debug|Any CPU
		{04CBA873-E50E-4F21-84BA-EE255EFC1D32}.Debug|iPhone.Deploy.0 = Debug|Any CPU
		{04CBA873-E50E-4F21-84BA-EE255EFC1D32}.Debug|iPhoneSimulator.ActiveCfg = Debug|Any CPU
		{04CBA873-E50E-4F21-84BA-EE255EFC1D32}.Debug|iPhoneSimulator.Build.0 = Debug|Any CPU
		{04CBA873-E50E-4F21-84BA-EE255EFC1D32}.Debug|iPhoneSimulator.Deploy.0 = Debug|Any CPU
		{04CBA873-E50E-4F21-84BA-EE255EFC1D32}.Release|Any CPU.ActiveCfg = Release|Any CPU
		{04CBA873-E50E-4F21-84BA-EE255EFC1D32}.Release|Any CPU.Build.0 = Release|Any CPU
		{04CBA873-E50E-4F21-84BA-EE255EFC1D32}.Release|Any CPU.Deploy.0 = Release|Any CPU
		{04CBA873-E50E-4F21-84BA-EE255EFC1D32}.Release|iPhone.ActiveCfg = Release|Any CPU
		{04CBA873-E50E-4F21-84BA-EE255EFC1D32}.Release|iPhone.Build.0 = Release|Any CPU
		{04CBA873-E50E-4F21-84BA-EE255EFC1D32}.Release|iPhone.Deploy.0 = Release|Any CPU
		{04CBA873-E50E-4F21-84BA-EE255EFC1D32}.Release|iPhoneSimulator.ActiveCfg = Release|Any CPU
		{04CBA873-E50E-4F21-84BA-EE255EFC1D32}.Release|iPhoneSimulator.Build.0 = Release|Any CPU
		{04CBA873-E50E-4F21-84BA-EE255EFC1D32}.Release|iPhoneSimulator.Deploy.0 = Release|Any CPU
		{2225F831-DFDB-4EDD-9371-E953223C94F8}.Ad-Hoc|Any CPU.ActiveCfg = Ad-Hoc|iPhone
		{2225F831-DFDB-4EDD-9371-E953223C94F8}.Ad-Hoc|Any CPU.Build.0 = Ad-Hoc|iPhone
		{2225F831-DFDB-4EDD-9371-E953223C94F8}.Ad-Hoc|Any CPU.Deploy.0 = Ad-Hoc|iPhone
		{2225F831-DFDB-4EDD-9371-E953223C94F8}.Ad-Hoc|iPhone.ActiveCfg = Ad-Hoc|iPhone
		{2225F831-DFDB-4EDD-9371-E953223C94F8}.Ad-Hoc|iPhone.Build.0 = Ad-Hoc|iPhone
		{2225F831-DFDB-4EDD-9371-E953223C94F8}.Ad-Hoc|iPhone.Deploy.0 = Ad-Hoc|iPhone
		{2225F831-DFDB-4EDD-9371-E953223C94F8}.Ad-Hoc|iPhoneSimulator.ActiveCfg = Ad-Hoc|iPhoneSimulator
		{2225F831-DFDB-4EDD-9371-E953223C94F8}.Ad-Hoc|iPhoneSimulator.Build.0 = Ad-Hoc|iPhoneSimulator
		{2225F831-DFDB-4EDD-9371-E953223C94F8}.Ad-Hoc|iPhoneSimulator.Deploy.0 = Ad-Hoc|iPhoneSimulator
		{2225F831-DFDB-4EDD-9371-E953223C94F8}.AppStore|Any CPU.ActiveCfg = AppStore|iPhone
		{2225F831-DFDB-4EDD-9371-E953223C94F8}.AppStore|Any CPU.Build.0 = AppStore|iPhone
		{2225F831-DFDB-4EDD-9371-E953223C94F8}.AppStore|Any CPU.Deploy.0 = AppStore|iPhone
		{2225F831-DFDB-4EDD-9371-E953223C94F8}.AppStore|iPhone.ActiveCfg = AppStore|iPhone
		{2225F831-DFDB-4EDD-9371-E953223C94F8}.AppStore|iPhone.Build.0 = AppStore|iPhone
		{2225F831-DFDB-4EDD-9371-E953223C94F8}.AppStore|iPhone.Deploy.0 = AppStore|iPhone
		{2225F831-DFDB-4EDD-9371-E953223C94F8}.AppStore|iPhoneSimulator.ActiveCfg = AppStore|iPhoneSimulator
		{2225F831-DFDB-4EDD-9371-E953223C94F8}.AppStore|iPhoneSimulator.Build.0 = AppStore|iPhoneSimulator
		{2225F831-DFDB-4EDD-9371-E953223C94F8}.AppStore|iPhoneSimulator.Deploy.0 = AppStore|iPhoneSimulator
		{2225F831-DFDB-4EDD-9371-E953223C94F8}.Debug|Any CPU.ActiveCfg = Debug|iPhoneSimulator
		{2225F831-DFDB-4EDD-9371-E953223C94F8}.Debug|Any CPU.Build.0 = Debug|iPhoneSimulator
		{2225F831-DFDB-4EDD-9371-E953223C94F8}.Debug|Any CPU.Deploy.0 = Debug|iPhoneSimulator
		{2225F831-DFDB-4EDD-9371-E953223C94F8}.Debug|iPhone.ActiveCfg = Debug|iPhone
		{2225F831-DFDB-4EDD-9371-E953223C94F8}.Debug|iPhone.Build.0 = Debug|iPhone
		{2225F831-DFDB-4EDD-9371-E953223C94F8}.Debug|iPhone.Deploy.0 = Debug|iPhone
		{2225F831-DFDB-4EDD-9371-E953223C94F8}.Debug|iPhoneSimulator.ActiveCfg = Debug|iPhoneSimulator
		{2225F831-DFDB-4EDD-9371-E953223C94F8}.Debug|iPhoneSimulator.Build.0 = Debug|iPhoneSimulator
		{2225F831-DFDB-4EDD-9371-E953223C94F8}.Debug|iPhoneSimulator.Deploy.0 = Debug|iPhoneSimulator
		{2225F831-DFDB-4EDD-9371-E953223C94F8}.Release|Any CPU.ActiveCfg = Release|iPhone
		{2225F831-DFDB-4EDD-9371-E953223C94F8}.Release|Any CPU.Build.0 = Release|iPhone
		{2225F831-DFDB-4EDD-9371-E953223C94F8}.Release|Any CPU.Deploy.0 = Release|iPhone
		{2225F831-DFDB-4EDD-9371-E953223C94F8}.Release|iPhone.ActiveCfg = Release|iPhone
		{2225F831-DFDB-4EDD-9371-E953223C94F8}.Release|iPhone.Build.0 = Release|iPhone
		{2225F831-DFDB-4EDD-9371-E953223C94F8}.Release|iPhone.Deploy.0 = Release|iPhone
		{2225F831-DFDB-4EDD-9371-E953223C94F8}.Release|iPhoneSimulator.ActiveCfg = Release|iPhoneSimulator
		{2225F831-DFDB-4EDD-9371-E953223C94F8}.Release|iPhoneSimulator.Build.0 = Release|iPhoneSimulator
		{2225F831-DFDB-4EDD-9371-E953223C94F8}.Release|iPhoneSimulator.Deploy.0 = Release|iPhoneSimulator
		{27813987-EFC6-4CD2-8854-D6D8F2EFECEE}.Ad-Hoc|Any CPU.ActiveCfg = Debug|Any CPU
		{27813987-EFC6-4CD2-8854-D6D8F2EFECEE}.Ad-Hoc|Any CPU.Build.0 = Debug|Any CPU
		{27813987-EFC6-4CD2-8854-D6D8F2EFECEE}.Ad-Hoc|Any CPU.Deploy.0 = Debug|Any CPU
		{27813987-EFC6-4CD2-8854-D6D8F2EFECEE}.Ad-Hoc|iPhone.ActiveCfg = Debug|Any CPU
		{27813987-EFC6-4CD2-8854-D6D8F2EFECEE}.Ad-Hoc|iPhone.Build.0 = Debug|Any CPU
		{27813987-EFC6-4CD2-8854-D6D8F2EFECEE}.Ad-Hoc|iPhone.Deploy.0 = Debug|Any CPU
		{27813987-EFC6-4CD2-8854-D6D8F2EFECEE}.Ad-Hoc|iPhoneSimulator.ActiveCfg = Debug|Any CPU
		{27813987-EFC6-4CD2-8854-D6D8F2EFECEE}.Ad-Hoc|iPhoneSimulator.Build.0 = Debug|Any CPU
		{27813987-EFC6-4CD2-8854-D6D8F2EFECEE}.Ad-Hoc|iPhoneSimulator.Deploy.0 = Debug|Any CPU
		{27813987-EFC6-4CD2-8854-D6D8F2EFECEE}.AppStore|Any CPU.ActiveCfg = Debug|Any CPU
		{27813987-EFC6-4CD2-8854-D6D8F2EFECEE}.AppStore|Any CPU.Build.0 = Debug|Any CPU
		{27813987-EFC6-4CD2-8854-D6D8F2EFECEE}.AppStore|Any CPU.Deploy.0 = Debug|Any CPU
		{27813987-EFC6-4CD2-8854-D6D8F2EFECEE}.AppStore|iPhone.ActiveCfg = Debug|Any CPU
		{27813987-EFC6-4CD2-8854-D6D8F2EFECEE}.AppStore|iPhone.Build.0 = Debug|Any CPU
		{27813987-EFC6-4CD2-8854-D6D8F2EFECEE}.AppStore|iPhone.Deploy.0 = Debug|Any CPU
		{27813987-EFC6-4CD2-8854-D6D8F2EFECEE}.AppStore|iPhoneSimulator.ActiveCfg = Debug|Any CPU
		{27813987-EFC6-4CD2-8854-D6D8F2EFECEE}.AppStore|iPhoneSimulator.Build.0 = Debug|Any CPU
		{27813987-EFC6-4CD2-8854-D6D8F2EFECEE}.AppStore|iPhoneSimulator.Deploy.0 = Debug|Any CPU
		{27813987-EFC6-4CD2-8854-D6D8F2EFECEE}.Debug|Any CPU.ActiveCfg = Debug|Any CPU
		{27813987-EFC6-4CD2-8854-D6D8F2EFECEE}.Debug|Any CPU.Build.0 = Debug|Any CPU
		{27813987-EFC6-4CD2-8854-D6D8F2EFECEE}.Debug|Any CPU.Deploy.0 = Debug|Any CPU
		{27813987-EFC6-4CD2-8854-D6D8F2EFECEE}.Debug|iPhone.ActiveCfg = Debug|Any CPU
		{27813987-EFC6-4CD2-8854-D6D8F2EFECEE}.Debug|iPhone.Build.0 = Debug|Any CPU
		{27813987-EFC6-4CD2-8854-D6D8F2EFECEE}.Debug|iPhone.Deploy.0 = Debug|Any CPU
		{27813987-EFC6-4CD2-8854-D6D8F2EFECEE}.Debug|iPhoneSimulator.ActiveCfg = Debug|Any CPU
		{27813987-EFC6-4CD2-8854-D6D8F2EFECEE}.Debug|iPhoneSimulator.Build.0 = Debug|Any CPU
		{27813987-EFC6-4CD2-8854-D6D8F2EFECEE}.Debug|iPhoneSimulator.Deploy.0 = Debug|Any CPU
		{27813987-EFC6-4CD2-8854-D6D8F2EFECEE}.Release|Any CPU.ActiveCfg = Release|Any CPU
		{27813987-EFC6-4CD2-8854-D6D8F2EFECEE}.Release|Any CPU.Build.0 = Release|Any CPU
		{27813987-EFC6-4CD2-8854-D6D8F2EFECEE}.Release|Any CPU.Deploy.0 = Release|Any CPU
		{27813987-EFC6-4CD2-8854-D6D8F2EFECEE}.Release|iPhone.ActiveCfg = Release|Any CPU
		{27813987-EFC6-4CD2-8854-D6D8F2EFECEE}.Release|iPhone.Build.0 = Release|Any CPU
		{27813987-EFC6-4CD2-8854-D6D8F2EFECEE}.Release|iPhone.Deploy.0 = Release|Any CPU
		{27813987-EFC6-4CD2-8854-D6D8F2EFECEE}.Release|iPhoneSimulator.ActiveCfg = Release|Any CPU
		{27813987-EFC6-4CD2-8854-D6D8F2EFECEE}.Release|iPhoneSimulator.Build.0 = Release|Any CPU
		{27813987-EFC6-4CD2-8854-D6D8F2EFECEE}.Release|iPhoneSimulator.Deploy.0 = Release|Any CPU
	EndGlobalSection
	GlobalSection(SolutionProperties) = preSolution
		HideSolutionNode = FALSE
	EndGlobalSection
	GlobalSection(ExtensibilityGlobals) = postSolution
		SolutionGuid = {A2341D11-4C5E-407D-A78B-8AB39670E67C}
	EndGlobalSection
EndGlobal
